
Microsoft Visual Studio Solution File, Format Version 12.00
# Visual Studio 2012
Project("{FAE04EC0-301F-11D3-BF4B-00C04F79EFBC}") = "Tarantula", "Tarantula\Tarantula.csproj", "{D59A62BB-24A2-4643-8606-0CA7F8CBD6EB}"
EndProject
Global
	GlobalSection(SolutionConfigurationPlatforms) = preSolution
		Debug|Any CPU = Debug|Any CPU
		Release|Any CPU = Release|Any CPU
	EndGlobalSection
	GlobalSection(ProjectConfigurationPlatforms) = postSolution
		{D59A62BB-24A2-4643-8606-0CA7F8CBD6EB}.Debug|Any CPU.ActiveCfg = Debug|Any CPU
		{D59A62BB-24A2-4643-8606-0CA7F8CBD6EB}.Debug|Any CPU.Build.0 = Debug|Any CPU
		{D59A62BB-24A2-4643-8606-0CA7F8CBD6EB}.Release|Any CPU.ActiveCfg = Release|Any CPU
		{D59A62BB-24A2-4643-8606-0CA7F8CBD6EB}.Release|Any CPU.Build.0 = Release|Any CPU
	EndGlobalSection
	GlobalSection(SolutionProperties) = preSolution
		HideSolutionNode = FALSE
	EndGlobalSection
EndGlobal
